
Microsoft Visual Studio Solution File, Format Version 12.00
# Visual Studio Version 16
VisualStudioVersion = 16.0.30804.86
MinimumVisualStudioVersion = 10.0.40219.1
Project("{9A19103F-16F7-4668-BE54-9A1E7A4F7556}") = "BlazorMovies.Server", "BlazorMovies\Server\BlazorMovies.Server.csproj", "{33C43D67-7FEA-4DD9-BED0-6430A0A21C10}"
EndProject
Project("{9A19103F-16F7-4668-BE54-9A1E7A4F7556}") = "BlazorMovies.Shared", "BlazorMovies\Shared\BlazorMovies.Shared.csproj", "{F198A5F9-7C20-4BD2-B832-CD1B004426A8}"
EndProject
Project("{9A19103F-16F7-4668-BE54-9A1E7A4F7556}") = "BlazorMovies.Client2", "BlazorMovies\Client\BlazorMovies.Client2.csproj", "{140834FB-339E-483B-9E18-5B058688570A}"
EndProject
Global
	GlobalSection(SolutionConfigurationPlatforms) = preSolution
		Debug|Any CPU = Debug|Any CPU
		Release|Any CPU = Release|Any CPU
	EndGlobalSection
	GlobalSection(ProjectConfigurationPlatforms) = postSolution
		{33C43D67-7FEA-4DD9-BED0-6430A0A21C10}.Debug|Any CPU.ActiveCfg = Debug|Any CPU
		{33C43D67-7FEA-4DD9-BED0-6430A0A21C10}.Debug|Any CPU.Build.0 = Debug|Any CPU
		{33C43D67-7FEA-4DD9-BED0-6430A0A21C10}.Release|Any CPU.ActiveCfg = Release|Any CPU
		{33C43D67-7FEA-4DD9-BED0-6430A0A21C10}.Release|Any CPU.Build.0 = Release|Any CPU
		{F198A5F9-7C20-4BD2-B832-CD1B004426A8}.Debug|Any CPU.ActiveCfg = Debug|Any CPU
		{F198A5F9-7C20-4BD2-B832-CD1B004426A8}.Debug|Any CPU.Build.0 = Debug|Any CPU
		{F198A5F9-7C20-4BD2-B832-CD1B004426A8}.Release|Any CPU.ActiveCfg = Release|Any CPU
		{F198A5F9-7C20-4BD2-B832-CD1B004426A8}.Release|Any CPU.Build.0 = Release|Any CPU
		{140834FB-339E-483B-9E18-5B058688570A}.Debug|Any CPU.ActiveCfg = Debug|Any CPU
		{140834FB-339E-483B-9E18-5B058688570A}.Debug|Any CPU.Build.0 = Debug|Any CPU
		{140834FB-339E-483B-9E18-5B058688570A}.Release|Any CPU.ActiveCfg = Release|Any CPU
		{140834FB-339E-483B-9E18-5B058688570A}.Release|Any CPU.Build.0 = Release|Any CPU
	EndGlobalSection
	GlobalSection(SolutionProperties) = preSolution
		HideSolutionNode = FALSE
	EndGlobalSection
	GlobalSection(ExtensibilityGlobals) = postSolution
		SolutionGuid = {C4C7C157-09CC-47E6-97F4-6E6A4143C6B3}
	EndGlobalSection
EndGlobal
